
Microsoft Visual Studio Solution File, Format Version 12.00
# Visual Studio 15
Project("{FAE04EC0-301F-11D3-BF4B-00C04F79EFBC}") = "gvh.iOS", "gvh.iOS\gvh.iOS.csproj", "{32C20C4B-A2BA-406F-BFA8-1E6DF92E0A73}"
EndProject
Project("{FAE04EC0-301F-11D3-BF4B-00C04F79EFBC}") = "gvh", "gvh\gvh.csproj", "{65F4E137-8873-4F5C-8407-8DC9EC7E2B5F}"
EndProject
Global
	GlobalSection(SolutionConfigurationPlatforms) = preSolution
		Debug|iPhoneSimulator = Debug|iPhoneSimulator
		Release|iPhoneSimulator = Release|iPhoneSimulator
		Debug|iPhone = Debug|iPhone
		Release|iPhone = Release|iPhone
		Debug|Any CPU = Debug|Any CPU
		Release|Any CPU = Release|Any CPU
	EndGlobalSection
	GlobalSection(ProjectConfigurationPlatforms) = postSolution
		{32C20C4B-A2BA-406F-BFA8-1E6DF92E0A73}.Debug|iPhoneSimulator.ActiveCfg = Debug|iPhoneSimulator
		{32C20C4B-A2BA-406F-BFA8-1E6DF92E0A73}.Debug|iPhoneSimulator.Build.0 = Debug|iPhoneSimulator
		{32C20C4B-A2BA-406F-BFA8-1E6DF92E0A73}.Release|iPhoneSimulator.ActiveCfg = Release|iPhoneSimulator
		{32C20C4B-A2BA-406F-BFA8-1E6DF92E0A73}.Release|iPhoneSimulator.Build.0 = Release|iPhoneSimulator
		{32C20C4B-A2BA-406F-BFA8-1E6DF92E0A73}.Debug|iPhone.ActiveCfg = Debug|iPhone
		{32C20C4B-A2BA-406F-BFA8-1E6DF92E0A73}.Debug|iPhone.Build.0 = Debug|iPhone
		{32C20C4B-A2BA-406F-BFA8-1E6DF92E0A73}.Release|iPhone.ActiveCfg = Release|iPhone
		{32C20C4B-A2BA-406F-BFA8-1E6DF92E0A73}.Release|iPhone.Build.0 = Release|iPhone
		{32C20C4B-A2BA-406F-BFA8-1E6DF92E0A73}.Debug|Any CPU.ActiveCfg = Debug|iPhoneSimulator
		{32C20C4B-A2BA-406F-BFA8-1E6DF92E0A73}.Debug|Any CPU.Build.0 = Debug|iPhoneSimulator
		{32C20C4B-A2BA-406F-BFA8-1E6DF92E0A73}.Release|Any CPU.ActiveCfg = Release|iPhoneSimulator
		{32C20C4B-A2BA-406F-BFA8-1E6DF92E0A73}.Release|Any CPU.Build.0 = Release|iPhoneSimulator
		{65F4E137-8873-4F5C-8407-8DC9EC7E2B5F}.Debug|iPhoneSimulator.ActiveCfg = Debug|Any CPU
		{65F4E137-8873-4F5C-8407-8DC9EC7E2B5F}.Debug|iPhoneSimulator.Build.0 = Debug|Any CPU
		{65F4E137-8873-4F5C-8407-8DC9EC7E2B5F}.Release|iPhoneSimulator.ActiveCfg = Release|Any CPU
		{65F4E137-8873-4F5C-8407-8DC9EC7E2B5F}.Release|iPhoneSimulator.Build.0 = Release|Any CPU
		{65F4E137-8873-4F5C-8407-8DC9EC7E2B5F}.Debug|iPhone.ActiveCfg = Debug|Any CPU
		{65F4E137-8873-4F5C-8407-8DC9EC7E2B5F}.Debug|iPhone.Build.0 = Debug|Any CPU
		{65F4E137-8873-4F5C-8407-8DC9EC7E2B5F}.Release|iPhone.ActiveCfg = Release|Any CPU
		{65F4E137-8873-4F5C-8407-8DC9EC7E2B5F}.Release|iPhone.Build.0 = Release|Any CPU
		{65F4E137-8873-4F5C-8407-8DC9EC7E2B5F}.Debug|Any CPU.ActiveCfg = Debug|Any CPU
		{65F4E137-8873-4F5C-8407-8DC9EC7E2B5F}.Debug|Any CPU.Build.0 = Debug|Any CPU
		{65F4E137-8873-4F5C-8407-8DC9EC7E2B5F}.Release|Any CPU.ActiveCfg = Release|Any CPU
		{65F4E137-8873-4F5C-8407-8DC9EC7E2B5F}.Release|Any CPU.Build.0 = Release|Any CPU
	EndGlobalSection
EndGlobal
